
Microsoft Visual Studio Solution File, Format Version 12.00
# Visual Studio Version 17
VisualStudioVersion = 17.9.34616.47
MinimumVisualStudioVersion = 10.0.40219.1
Project("{9A19103F-16F7-4668-BE54-9A1E7A4F7556}") = "APIReact#1", "WebApplication1\APIReact#1.csproj", "{B9F37EEB-C84A-425A-8B52-450C9DB18BB4}"
EndProject
Global
	GlobalSection(SolutionConfigurationPlatforms) = preSolution
		Debug|Any CPU = Debug|Any CPU
		Release|Any CPU = Release|Any CPU
	EndGlobalSection
	GlobalSection(ProjectConfigurationPlatforms) = postSolution
		{B9F37EEB-C84A-425A-8B52-450C9DB18BB4}.Debug|Any CPU.ActiveCfg = Debug|Any CPU
		{B9F37EEB-C84A-425A-8B52-450C9DB18BB4}.Debug|Any CPU.Build.0 = Debug|Any CPU
		{B9F37EEB-C84A-425A-8B52-450C9DB18BB4}.Release|Any CPU.ActiveCfg = Release|Any CPU
		{B9F37EEB-C84A-425A-8B52-450C9DB18BB4}.Release|Any CPU.Build.0 = Release|Any CPU
	EndGlobalSection
	GlobalSection(SolutionProperties) = preSolution
		HideSolutionNode = FALSE
	EndGlobalSection
	GlobalSection(ExtensibilityGlobals) = postSolution
		SolutionGuid = {03FCAEEC-49BA-4C84-9663-B53EEA146761}
	EndGlobalSection
EndGlobal
